
Microsoft Visual Studio Solution File, Format Version 12.00
# Visual Studio 15
VisualStudioVersion = 15.0.27703.2042
MinimumVisualStudioVersion = 10.0.40219.1
Project("{2150E333-8FDC-42A3-9474-1A3956D46DE8}") = "01_SimpleFactory", "01_SimpleFactory", "{E5CA7641-D679-43B1-A418-467E012D8364}"
EndProject
Project("{9A19103F-16F7-4668-BE54-9A1E7A4F7556}") = "SimpleFactory", "SimpleFactory\SimpleFactory.csproj", "{0D0B9A41-1420-4586-BBD5-014B72717ACA}"
EndProject
Project("{2150E333-8FDC-42A3-9474-1A3956D46DE8}") = "03_AbstractFactory", "03_AbstractFactory", "{7754333B-6FC9-4C20-8900-19C8647B5D19}"
EndProject
Project("{2150E333-8FDC-42A3-9474-1A3956D46DE8}") = "06_Singleton", "06_Singleton", "{1580A9D3-7349-4BFB-AA76-54F2195E0081}"
EndProject
Project("{2150E333-8FDC-42A3-9474-1A3956D46DE8}") = "04_Builder", "04_Builder", "{084B18B4-164C-434F-97FA-8CE8EBDD7643}"
EndProject
Project("{2150E333-8FDC-42A3-9474-1A3956D46DE8}") = "05_Prototype", "05_Prototype", "{2437FDB9-C49C-40B8-B172-7CC05A4E645E}"
EndProject
Project("{9A19103F-16F7-4668-BE54-9A1E7A4F7556}") = "AbstractFactory", "AbstractFactory\AbstractFactory.csproj", "{DD23B24B-E79A-4216-8424-460D442FF95A}"
EndProject
Project("{9A19103F-16F7-4668-BE54-9A1E7A4F7556}") = "Singleton", "Singleton\Singleton.csproj", "{5907EFC6-8177-4AE2-860F-CA6B861E6ABB}"
EndProject
Project("{9A19103F-16F7-4668-BE54-9A1E7A4F7556}") = "Builder", "Builder\Builder.csproj", "{8E987625-16DD-4374-9B14-7C1725526C50}"
EndProject
Project("{9A19103F-16F7-4668-BE54-9A1E7A4F7556}") = "Prototype", "Prototype\Prototype.csproj", "{095E2182-F2C9-46A7-8FC4-D1EAE5140D3C}"
EndProject
Project("{2150E333-8FDC-42A3-9474-1A3956D46DE8}") = "02_FactoryMethod", "02_FactoryMethod", "{AB514489-DC9A-4074-83EA-CF3CEFBD633A}"
EndProject
Project("{9A19103F-16F7-4668-BE54-9A1E7A4F7556}") = "FactoryMethod", "FactoryMethod\FactoryMethod.csproj", "{0C411A08-53EA-4184-AB23-22B6A3A150EE}"
EndProject
Project("{2150E333-8FDC-42A3-9474-1A3956D46DE8}") = "07_Adapter", "07_Adapter", "{C83BA9F2-926E-4450-8262-18BFE0608CF7}"
EndProject
Project("{2150E333-8FDC-42A3-9474-1A3956D46DE8}") = "08_Bridge", "08_Bridge", "{91B44438-FD43-4598-9D12-1CBE32862BA1}"
EndProject
Project("{2150E333-8FDC-42A3-9474-1A3956D46DE8}") = "09_Composite", "09_Composite", "{C42C0D35-0F8C-4D23-95C7-AF6CA48E34C5}"
EndProject
Project("{2150E333-8FDC-42A3-9474-1A3956D46DE8}") = "10_Decorate", "10_Decorate", "{BC626DBC-D3E3-4696-9A1D-8E277587EF24}"
EndProject
Project("{2150E333-8FDC-42A3-9474-1A3956D46DE8}") = "11_Facade", "11_Facade", "{104C0D24-3FF0-4FE9-A4A6-ACAB8B54865D}"
EndProject
Project("{2150E333-8FDC-42A3-9474-1A3956D46DE8}") = "12_Flyweight", "12_Flyweight", "{016D643A-BE75-41F3-85DE-88C4C1F810F4}"
EndProject
Project("{2150E333-8FDC-42A3-9474-1A3956D46DE8}") = "13_Proxy", "13_Proxy", "{A0BEB788-2F1C-455C-BD12-DAD95D30A325}"
EndProject
Project("{9A19103F-16F7-4668-BE54-9A1E7A4F7556}") = "Adapter", "Adapter\Adapter.csproj", "{516A024D-DBB4-4FE6-B123-32E1EC1BBAC9}"
EndProject
Project("{9A19103F-16F7-4668-BE54-9A1E7A4F7556}") = "Composite", "Composite\Composite.csproj", "{C648CA83-D741-41C5-9DD8-E96283792572}"
EndProject
Project("{9A19103F-16F7-4668-BE54-9A1E7A4F7556}") = "Decorate", "Decorate\Decorate.csproj", "{3D5720F8-79AE-41CE-B30F-60545EEF937D}"
EndProject
Project("{9A19103F-16F7-4668-BE54-9A1E7A4F7556}") = "Facade", "Facade\Facade.csproj", "{E1BF2096-500A-4080-BC73-0A61C8072A06}"
EndProject
Project("{9A19103F-16F7-4668-BE54-9A1E7A4F7556}") = "FlyWeight", "FlyWeight\FlyWeight.csproj", "{07835D4B-78D3-4ACF-8D32-57FBC8018150}"
EndProject
Project("{9A19103F-16F7-4668-BE54-9A1E7A4F7556}") = "Proxy", "Proxy\Proxy.csproj", "{B909B394-8433-4BFA-966C-2D126A9E04F8}"
EndProject
Project("{9A19103F-16F7-4668-BE54-9A1E7A4F7556}") = "Bridge", "Bridge\Bridge.csproj", "{A7152FDF-E8BC-4609-95C7-6DD9FE79AFCE}"
EndProject
Project("{2150E333-8FDC-42A3-9474-1A3956D46DE8}") = "14_ChainOfReponsibility", "14_ChainOfReponsibility", "{AF303798-3B79-443E-A9B2-9C0135D58504}"
EndProject
Project("{2150E333-8FDC-42A3-9474-1A3956D46DE8}") = "15_TemplateMethod", "15_TemplateMethod", "{B5373D2D-55B1-4881-A70B-768FE5BCA17E}"
EndProject
Project("{2150E333-8FDC-42A3-9474-1A3956D46DE8}") = "16_Interpreter", "16_Interpreter", "{FD74B473-C876-4B81-9D86-C77C2650A4CB}"
EndProject
Project("{2150E333-8FDC-42A3-9474-1A3956D46DE8}") = "17_Command", "17_Command", "{62D46E16-990D-449F-BCE1-11D59D6F320E}"
EndProject
Project("{2150E333-8FDC-42A3-9474-1A3956D46DE8}") = "18_Iterator", "18_Iterator", "{333284DD-3F9E-4A97-86F9-4054DC15B9D9}"
EndProject
Project("{2150E333-8FDC-42A3-9474-1A3956D46DE8}") = "19_Mediator", "19_Mediator", "{2231F4EA-CB8A-4DFE-812F-08D4898278DF}"
EndProject
Project("{2150E333-8FDC-42A3-9474-1A3956D46DE8}") = "20_Memento", "20_Memento", "{E6573DA4-4188-492E-98BB-389D6A3080E5}"
EndProject
Project("{2150E333-8FDC-42A3-9474-1A3956D46DE8}") = "21_Observer", "21_Observer", "{71490122-00A9-464F-B1B6-7F484C7B6C3B}"
EndProject
Project("{2150E333-8FDC-42A3-9474-1A3956D46DE8}") = "22_State", "22_State", "{DCE9E73C-F5A5-4FB3-8F61-5BB09AD2DC84}"
EndProject
Project("{2150E333-8FDC-42A3-9474-1A3956D46DE8}") = "23_Strategy", "23_Strategy", "{481B2366-A2DA-4C50-9006-F566D00F2107}"
EndProject
Project("{2150E333-8FDC-42A3-9474-1A3956D46DE8}") = "24_Visitor", "24_Visitor", "{637E0D92-A13A-4815-B016-6DA8510390BB}"
EndProject
Project("{9A19103F-16F7-4668-BE54-9A1E7A4F7556}") = "ChainOfReponsibility", "ChainOfReponsibility\ChainOfReponsibility.csproj", "{B7B97E98-1066-4133-9746-C14747E54643}"
EndProject
Project("{9A19103F-16F7-4668-BE54-9A1E7A4F7556}") = "TemplateMethod", "TemplateMethod\TemplateMethod.csproj", "{50D2B6C5-ADB9-43B8-8809-8DE16AE0B148}"
EndProject
Project("{9A19103F-16F7-4668-BE54-9A1E7A4F7556}") = "Interpreter", "Interpreter\Interpreter.csproj", "{30B74C5B-ED5E-45C6-844A-AB8A394F1893}"
EndProject
Project("{9A19103F-16F7-4668-BE54-9A1E7A4F7556}") = "Command", "Command\Command.csproj", "{E801406D-A94A-46C8-BE21-B6502B5C5B12}"
EndProject
Project("{9A19103F-16F7-4668-BE54-9A1E7A4F7556}") = "Interator", "Interator\Interator.csproj", "{47D74D74-19A7-4AF2-AE36-70B0C909DA9E}"
EndProject
Project("{9A19103F-16F7-4668-BE54-9A1E7A4F7556}") = "Mediator", "Mediator\Mediator.csproj", "{ACE65AEF-780D-486C-AA65-0D0C046DAE37}"
EndProject
Project("{9A19103F-16F7-4668-BE54-9A1E7A4F7556}") = "Strategy", "Strategy\Strategy.csproj", "{6FEF7248-B8B5-4B4F-9865-661EADB787B7}"
EndProject
Project("{9A19103F-16F7-4668-BE54-9A1E7A4F7556}") = "Memento", "Memento\Memento.csproj", "{FD32D793-5680-463C-9F9B-3CCBAC30407C}"
EndProject
Project("{FAE04EC0-301F-11D3-BF4B-00C04F79EFBC}") = "State", "State\State.csproj", "{3F7B302A-D1FC-4E64-8F49-AE71F7AAE872}"
EndProject
Global
	GlobalSection(SolutionConfigurationPlatforms) = preSolution
		Debug|Any CPU = Debug|Any CPU
		Release|Any CPU = Release|Any CPU
	EndGlobalSection
	GlobalSection(ProjectConfigurationPlatforms) = postSolution
		{0D0B9A41-1420-4586-BBD5-014B72717ACA}.Debug|Any CPU.ActiveCfg = Debug|Any CPU
		{0D0B9A41-1420-4586-BBD5-014B72717ACA}.Debug|Any CPU.Build.0 = Debug|Any CPU
		{0D0B9A41-1420-4586-BBD5-014B72717ACA}.Release|Any CPU.ActiveCfg = Release|Any CPU
		{0D0B9A41-1420-4586-BBD5-014B72717ACA}.Release|Any CPU.Build.0 = Release|Any CPU
		{DD23B24B-E79A-4216-8424-460D442FF95A}.Debug|Any CPU.ActiveCfg = Debug|Any CPU
		{DD23B24B-E79A-4216-8424-460D442FF95A}.Debug|Any CPU.Build.0 = Debug|Any CPU
		{DD23B24B-E79A-4216-8424-460D442FF95A}.Release|Any CPU.ActiveCfg = Release|Any CPU
		{DD23B24B-E79A-4216-8424-460D442FF95A}.Release|Any CPU.Build.0 = Release|Any CPU
		{5907EFC6-8177-4AE2-860F-CA6B861E6ABB}.Debug|Any CPU.ActiveCfg = Debug|Any CPU
		{5907EFC6-8177-4AE2-860F-CA6B861E6ABB}.Debug|Any CPU.Build.0 = Debug|Any CPU
		{5907EFC6-8177-4AE2-860F-CA6B861E6ABB}.Release|Any CPU.ActiveCfg = Release|Any CPU
		{5907EFC6-8177-4AE2-860F-CA6B861E6ABB}.Release|Any CPU.Build.0 = Release|Any CPU
		{8E987625-16DD-4374-9B14-7C1725526C50}.Debug|Any CPU.ActiveCfg = Debug|Any CPU
		{8E987625-16DD-4374-9B14-7C1725526C50}.Debug|Any CPU.Build.0 = Debug|Any CPU
		{8E987625-16DD-4374-9B14-7C1725526C50}.Release|Any CPU.ActiveCfg = Release|Any CPU
		{8E987625-16DD-4374-9B14-7C1725526C50}.Release|Any CPU.Build.0 = Release|Any CPU
		{095E2182-F2C9-46A7-8FC4-D1EAE5140D3C}.Debug|Any CPU.ActiveCfg = Debug|Any CPU
		{095E2182-F2C9-46A7-8FC4-D1EAE5140D3C}.Debug|Any CPU.Build.0 = Debug|Any CPU
		{095E2182-F2C9-46A7-8FC4-D1EAE5140D3C}.Release|Any CPU.ActiveCfg = Release|Any CPU
		{095E2182-F2C9-46A7-8FC4-D1EAE5140D3C}.Release|Any CPU.Build.0 = Release|Any CPU
		{0C411A08-53EA-4184-AB23-22B6A3A150EE}.Debug|Any CPU.ActiveCfg = Debug|Any CPU
		{0C411A08-53EA-4184-AB23-22B6A3A150EE}.Debug|Any CPU.Build.0 = Debug|Any CPU
		{0C411A08-53EA-4184-AB23-22B6A3A150EE}.Release|Any CPU.ActiveCfg = Release|Any CPU
		{0C411A08-53EA-4184-AB23-22B6A3A150EE}.Release|Any CPU.Build.0 = Release|Any CPU
		{516A024D-DBB4-4FE6-B123-32E1EC1BBAC9}.Debug|Any CPU.ActiveCfg = Debug|Any CPU
		{516A024D-DBB4-4FE6-B123-32E1EC1BBAC9}.Debug|Any CPU.Build.0 = Debug|Any CPU
		{516A024D-DBB4-4FE6-B123-32E1EC1BBAC9}.Release|Any CPU.ActiveCfg = Release|Any CPU
		{516A024D-DBB4-4FE6-B123-32E1EC1BBAC9}.Release|Any CPU.Build.0 = Release|Any CPU
		{C648CA83-D741-41C5-9DD8-E96283792572}.Debug|Any CPU.ActiveCfg = Debug|Any CPU
		{C648CA83-D741-41C5-9DD8-E96283792572}.Debug|Any CPU.Build.0 = Debug|Any CPU
		{C648CA83-D741-41C5-9DD8-E96283792572}.Release|Any CPU.ActiveCfg = Release|Any CPU
		{C648CA83-D741-41C5-9DD8-E96283792572}.Release|Any CPU.Build.0 = Release|Any CPU
		{3D5720F8-79AE-41CE-B30F-60545EEF937D}.Debug|Any CPU.ActiveCfg = Debug|Any CPU
		{3D5720F8-79AE-41CE-B30F-60545EEF937D}.Debug|Any CPU.Build.0 = Debug|Any CPU
		{3D5720F8-79AE-41CE-B30F-60545EEF937D}.Release|Any CPU.ActiveCfg = Release|Any CPU
		{3D5720F8-79AE-41CE-B30F-60545EEF937D}.Release|Any CPU.Build.0 = Release|Any CPU
		{E1BF2096-500A-4080-BC73-0A61C8072A06}.Debug|Any CPU.ActiveCfg = Debug|Any CPU
		{E1BF2096-500A-4080-BC73-0A61C8072A06}.Debug|Any CPU.Build.0 = Debug|Any CPU
		{E1BF2096-500A-4080-BC73-0A61C8072A06}.Release|Any CPU.ActiveCfg = Release|Any CPU
		{E1BF2096-500A-4080-BC73-0A61C8072A06}.Release|Any CPU.Build.0 = Release|Any CPU
		{07835D4B-78D3-4ACF-8D32-57FBC8018150}.Debug|Any CPU.ActiveCfg = Debug|Any CPU
		{07835D4B-78D3-4ACF-8D32-57FBC8018150}.Debug|Any CPU.Build.0 = Debug|Any CPU
		{07835D4B-78D3-4ACF-8D32-57FBC8018150}.Release|Any CPU.ActiveCfg = Release|Any CPU
		{07835D4B-78D3-4ACF-8D32-57FBC8018150}.Release|Any CPU.Build.0 = Release|Any CPU
		{B909B394-8433-4BFA-966C-2D126A9E04F8}.Debug|Any CPU.ActiveCfg = Debug|Any CPU
		{B909B394-8433-4BFA-966C-2D126A9E04F8}.Debug|Any CPU.Build.0 = Debug|Any CPU
		{B909B394-8433-4BFA-966C-2D126A9E04F8}.Release|Any CPU.ActiveCfg = Release|Any CPU
		{B909B394-8433-4BFA-966C-2D126A9E04F8}.Release|Any CPU.Build.0 = Release|Any CPU
		{A7152FDF-E8BC-4609-95C7-6DD9FE79AFCE}.Debug|Any CPU.ActiveCfg = Debug|Any CPU
		{A7152FDF-E8BC-4609-95C7-6DD9FE79AFCE}.Debug|Any CPU.Build.0 = Debug|Any CPU
		{A7152FDF-E8BC-4609-95C7-6DD9FE79AFCE}.Release|Any CPU.ActiveCfg = Release|Any CPU
		{A7152FDF-E8BC-4609-95C7-6DD9FE79AFCE}.Release|Any CPU.Build.0 = Release|Any CPU
		{B7B97E98-1066-4133-9746-C14747E54643}.Debug|Any CPU.ActiveCfg = Debug|Any CPU
		{B7B97E98-1066-4133-9746-C14747E54643}.Debug|Any CPU.Build.0 = Debug|Any CPU
		{B7B97E98-1066-4133-9746-C14747E54643}.Release|Any CPU.ActiveCfg = Release|Any CPU
		{B7B97E98-1066-4133-9746-C14747E54643}.Release|Any CPU.Build.0 = Release|Any CPU
		{50D2B6C5-ADB9-43B8-8809-8DE16AE0B148}.Debug|Any CPU.ActiveCfg = Debug|Any CPU
		{50D2B6C5-ADB9-43B8-8809-8DE16AE0B148}.Debug|Any CPU.Build.0 = Debug|Any CPU
		{50D2B6C5-ADB9-43B8-8809-8DE16AE0B148}.Release|Any CPU.ActiveCfg = Release|Any CPU
		{50D2B6C5-ADB9-43B8-8809-8DE16AE0B148}.Release|Any CPU.Build.0 = Release|Any CPU
		{30B74C5B-ED5E-45C6-844A-AB8A394F1893}.Debug|Any CPU.ActiveCfg = Debug|Any CPU
		{30B74C5B-ED5E-45C6-844A-AB8A394F1893}.Debug|Any CPU.Build.0 = Debug|Any CPU
		{30B74C5B-ED5E-45C6-844A-AB8A394F1893}.Release|Any CPU.ActiveCfg = Release|Any CPU
		{30B74C5B-ED5E-45C6-844A-AB8A394F1893}.Release|Any CPU.Build.0 = Release|Any CPU
		{E801406D-A94A-46C8-BE21-B6502B5C5B12}.Debug|Any CPU.ActiveCfg = Debug|Any CPU
		{E801406D-A94A-46C8-BE21-B6502B5C5B12}.Debug|Any CPU.Build.0 = Debug|Any CPU
		{E801406D-A94A-46C8-BE21-B6502B5C5B12}.Release|Any CPU.ActiveCfg = Release|Any CPU
		{E801406D-A94A-46C8-BE21-B6502B5C5B12}.Release|Any CPU.Build.0 = Release|Any CPU
		{47D74D74-19A7-4AF2-AE36-70B0C909DA9E}.Debug|Any CPU.ActiveCfg = Debug|Any CPU
		{47D74D74-19A7-4AF2-AE36-70B0C909DA9E}.Debug|Any CPU.Build.0 = Debug|Any CPU
		{47D74D74-19A7-4AF2-AE36-70B0C909DA9E}.Release|Any CPU.ActiveCfg = Release|Any CPU
		{47D74D74-19A7-4AF2-AE36-70B0C909DA9E}.Release|Any CPU.Build.0 = Release|Any CPU
		{ACE65AEF-780D-486C-AA65-0D0C046DAE37}.Debug|Any CPU.ActiveCfg = Debug|Any CPU
		{ACE65AEF-780D-486C-AA65-0D0C046DAE37}.Debug|Any CPU.Build.0 = Debug|Any CPU
		{ACE65AEF-780D-486C-AA65-0D0C046DAE37}.Release|Any CPU.ActiveCfg = Release|Any CPU
		{ACE65AEF-780D-486C-AA65-0D0C046DAE37}.Release|Any CPU.Build.0 = Release|Any CPU
		{6FEF7248-B8B5-4B4F-9865-661EADB787B7}.Debug|Any CPU.ActiveCfg = Debug|Any CPU
		{6FEF7248-B8B5-4B4F-9865-661EADB787B7}.Debug|Any CPU.Build.0 = Debug|Any CPU
		{6FEF7248-B8B5-4B4F-9865-661EADB787B7}.Release|Any CPU.ActiveCfg = Release|Any CPU
		{6FEF7248-B8B5-4B4F-9865-661EADB787B7}.Release|Any CPU.Build.0 = Release|Any CPU
		{FD32D793-5680-463C-9F9B-3CCBAC30407C}.Debug|Any CPU.ActiveCfg = Debug|Any CPU
		{FD32D793-5680-463C-9F9B-3CCBAC30407C}.Debug|Any CPU.Build.0 = Debug|Any CPU
		{FD32D793-5680-463C-9F9B-3CCBAC30407C}.Release|Any CPU.ActiveCfg = Release|Any CPU
		{FD32D793-5680-463C-9F9B-3CCBAC30407C}.Release|Any CPU.Build.0 = Release|Any CPU
		{3F7B302A-D1FC-4E64-8F49-AE71F7AAE872}.Debug|Any CPU.ActiveCfg = Debug|Any CPU
		{3F7B302A-D1FC-4E64-8F49-AE71F7AAE872}.Debug|Any CPU.Build.0 = Debug|Any CPU
		{3F7B302A-D1FC-4E64-8F49-AE71F7AAE872}.Release|Any CPU.ActiveCfg = Release|Any CPU
		{3F7B302A-D1FC-4E64-8F49-AE71F7AAE872}.Release|Any CPU.Build.0 = Release|Any CPU
	EndGlobalSection
	GlobalSection(SolutionProperties) = preSolution
		HideSolutionNode = FALSE
	EndGlobalSection
	GlobalSection(NestedProjects) = preSolution
		{0D0B9A41-1420-4586-BBD5-014B72717ACA} = {E5CA7641-D679-43B1-A418-467E012D8364}
		{DD23B24B-E79A-4216-8424-460D442FF95A} = {7754333B-6FC9-4C20-8900-19C8647B5D19}
		{5907EFC6-8177-4AE2-860F-CA6B861E6ABB} = {1580A9D3-7349-4BFB-AA76-54F2195E0081}
		{8E987625-16DD-4374-9B14-7C1725526C50} = {084B18B4-164C-434F-97FA-8CE8EBDD7643}
		{095E2182-F2C9-46A7-8FC4-D1EAE5140D3C} = {2437FDB9-C49C-40B8-B172-7CC05A4E645E}
		{0C411A08-53EA-4184-AB23-22B6A3A150EE} = {AB514489-DC9A-4074-83EA-CF3CEFBD633A}
		{516A024D-DBB4-4FE6-B123-32E1EC1BBAC9} = {C83BA9F2-926E-4450-8262-18BFE0608CF7}
		{C648CA83-D741-41C5-9DD8-E96283792572} = {C42C0D35-0F8C-4D23-95C7-AF6CA48E34C5}
		{3D5720F8-79AE-41CE-B30F-60545EEF937D} = {BC626DBC-D3E3-4696-9A1D-8E277587EF24}
		{E1BF2096-500A-4080-BC73-0A61C8072A06} = {104C0D24-3FF0-4FE9-A4A6-ACAB8B54865D}
		{07835D4B-78D3-4ACF-8D32-57FBC8018150} = {016D643A-BE75-41F3-85DE-88C4C1F810F4}
		{B909B394-8433-4BFA-966C-2D126A9E04F8} = {A0BEB788-2F1C-455C-BD12-DAD95D30A325}
		{A7152FDF-E8BC-4609-95C7-6DD9FE79AFCE} = {91B44438-FD43-4598-9D12-1CBE32862BA1}
		{B7B97E98-1066-4133-9746-C14747E54643} = {AF303798-3B79-443E-A9B2-9C0135D58504}
		{50D2B6C5-ADB9-43B8-8809-8DE16AE0B148} = {B5373D2D-55B1-4881-A70B-768FE5BCA17E}
		{30B74C5B-ED5E-45C6-844A-AB8A394F1893} = {FD74B473-C876-4B81-9D86-C77C2650A4CB}
		{E801406D-A94A-46C8-BE21-B6502B5C5B12} = {62D46E16-990D-449F-BCE1-11D59D6F320E}
		{47D74D74-19A7-4AF2-AE36-70B0C909DA9E} = {333284DD-3F9E-4A97-86F9-4054DC15B9D9}
		{ACE65AEF-780D-486C-AA65-0D0C046DAE37} = {2231F4EA-CB8A-4DFE-812F-08D4898278DF}
		{6FEF7248-B8B5-4B4F-9865-661EADB787B7} = {481B2366-A2DA-4C50-9006-F566D00F2107}
		{FD32D793-5680-463C-9F9B-3CCBAC30407C} = {E6573DA4-4188-492E-98BB-389D6A3080E5}
		{3F7B302A-D1FC-4E64-8F49-AE71F7AAE872} = {DCE9E73C-F5A5-4FB3-8F61-5BB09AD2DC84}
	EndGlobalSection
	GlobalSection(ExtensibilityGlobals) = postSolution
		SolutionGuid = {5292B80C-E48C-4557-9340-5F964D715694}
	EndGlobalSection
EndGlobal
