
Microsoft Visual Studio Solution File, Format Version 12.00
# Visual Studio 15
VisualStudioVersion = 15.0.27703.2042
MinimumVisualStudioVersion = 10.0.40219.1
Project("{2150E333-8FDC-42A3-9474-1A3956D46DE8}") = "01_SimpleFactory", "01_SimpleFactory", "{E5CA7641-D679-43B1-A418-467E012D8364}"
EndProject
Project("{9A19103F-16F7-4668-BE54-9A1E7A4F7556}") = "SimpleFactory", "SimpleFactory\SimpleFactory.csproj", "{0D0B9A41-1420-4586-BBD5-014B72717ACA}"
EndProject
Project("{2150E333-8FDC-42A3-9474-1A3956D46DE8}") = "03_AbstractFactory", "03_AbstractFactory", "{7754333B-6FC9-4C20-8900-19C8647B5D19}"
EndProject
Project("{2150E333-8FDC-42A3-9474-1A3956D46DE8}") = "06_Singleton", "06_Singleton", "{1580A9D3-7349-4BFB-AA76-54F2195E0081}"
EndProject
Project("{2150E333-8FDC-42A3-9474-1A3956D46DE8}") = "04_Builder", "04_Builder", "{084B18B4-164C-434F-97FA-8CE8EBDD7643}"
EndProject
Project("{2150E333-8FDC-42A3-9474-1A3956D46DE8}") = "05_Prototype", "05_Prototype", "{2437FDB9-C49C-40B8-B172-7CC05A4E645E}"
EndProject
Project("{9A19103F-16F7-4668-BE54-9A1E7A4F7556}") = "AbstractFactory", "AbstractFactory\AbstractFactory.csproj", "{DD23B24B-E79A-4216-8424-460D442FF95A}"
EndProject
Project("{9A19103F-16F7-4668-BE54-9A1E7A4F7556}") = "Singleton", "Singleton\Singleton.csproj", "{5907EFC6-8177-4AE2-860F-CA6B861E6ABB}"
EndProject
Project("{9A19103F-16F7-4668-BE54-9A1E7A4F7556}") = "Builder", "Builder\Builder.csproj", "{8E987625-16DD-4374-9B14-7C1725526C50}"
EndProject
Project("{9A19103F-16F7-4668-BE54-9A1E7A4F7556}") = "Prototype", "Prototype\Prototype.csproj", "{095E2182-F2C9-46A7-8FC4-D1EAE5140D3C}"
EndProject
Project("{2150E333-8FDC-42A3-9474-1A3956D46DE8}") = "02_FactoryMethod", "02_FactoryMethod", "{AB514489-DC9A-4074-83EA-CF3CEFBD633A}"
EndProject
Project("{9A19103F-16F7-4668-BE54-9A1E7A4F7556}") = "FactoryMethod", "FactoryMethod\FactoryMethod.csproj", "{0C411A08-53EA-4184-AB23-22B6A3A150EE}"
EndProject
Project("{2150E333-8FDC-42A3-9474-1A3956D46DE8}") = "07_Adapter", "07_Adapter", "{C83BA9F2-926E-4450-8262-18BFE0608CF7}"
EndProject
Project("{2150E333-8FDC-42A3-9474-1A3956D46DE8}") = "08_Bridge", "08_Bridge", "{91B44438-FD43-4598-9D12-1CBE32862BA1}"
EndProject
Project("{2150E333-8FDC-42A3-9474-1A3956D46DE8}") = "09_Composite", "09_Composite", "{C42C0D35-0F8C-4D23-95C7-AF6CA48E34C5}"
EndProject
Project("{2150E333-8FDC-42A3-9474-1A3956D46DE8}") = "10_Decorate", "10_Decorate", "{BC626DBC-D3E3-4696-9A1D-8E277587EF24}"
EndProject
Project("{2150E333-8FDC-42A3-9474-1A3956D46DE8}") = "11_Facade", "11_Facade", "{104C0D24-3FF0-4FE9-A4A6-ACAB8B54865D}"
EndProject
Project("{2150E333-8FDC-42A3-9474-1A3956D46DE8}") = "12_Flyweight", "12_Flyweight", "{016D643A-BE75-41F3-85DE-88C4C1F810F4}"
EndProject
Project("{2150E333-8FDC-42A3-9474-1A3956D46DE8}") = "13_Proxy", "13_Proxy", "{A0BEB788-2F1C-455C-BD12-DAD95D30A325}"
EndProject
Project("{9A19103F-16F7-4668-BE54-9A1E7A4F7556}") = "Adapter", "Adapter\Adapter.csproj", "{516A024D-DBB4-4FE6-B123-32E1EC1BBAC9}"
EndProject
Project("{9A19103F-16F7-4668-BE54-9A1E7A4F7556}") = "Composite", "Composite\Composite.csproj", "{C648CA83-D741-41C5-9DD8-E96283792572}"
EndProject
Project("{FAE04EC0-301F-11D3-BF4B-00C04F79EFBC}") = "Decorate", "Decorate\Decorate.csproj", "{3D5720F8-79AE-41CE-B30F-60545EEF937D}"
EndProject
Global
	GlobalSection(SolutionConfigurationPlatforms) = preSolution
		Debug|Any CPU = Debug|Any CPU
		Release|Any CPU = Release|Any CPU
	EndGlobalSection
	GlobalSection(ProjectConfigurationPlatforms) = postSolution
		{0D0B9A41-1420-4586-BBD5-014B72717ACA}.Debug|Any CPU.ActiveCfg = Debug|Any CPU
		{0D0B9A41-1420-4586-BBD5-014B72717ACA}.Debug|Any CPU.Build.0 = Debug|Any CPU
		{0D0B9A41-1420-4586-BBD5-014B72717ACA}.Release|Any CPU.ActiveCfg = Release|Any CPU
		{0D0B9A41-1420-4586-BBD5-014B72717ACA}.Release|Any CPU.Build.0 = Release|Any CPU
		{DD23B24B-E79A-4216-8424-460D442FF95A}.Debug|Any CPU.ActiveCfg = Debug|Any CPU
		{DD23B24B-E79A-4216-8424-460D442FF95A}.Debug|Any CPU.Build.0 = Debug|Any CPU
		{DD23B24B-E79A-4216-8424-460D442FF95A}.Release|Any CPU.ActiveCfg = Release|Any CPU
		{DD23B24B-E79A-4216-8424-460D442FF95A}.Release|Any CPU.Build.0 = Release|Any CPU
		{5907EFC6-8177-4AE2-860F-CA6B861E6ABB}.Debug|Any CPU.ActiveCfg = Debug|Any CPU
		{5907EFC6-8177-4AE2-860F-CA6B861E6ABB}.Debug|Any CPU.Build.0 = Debug|Any CPU
		{5907EFC6-8177-4AE2-860F-CA6B861E6ABB}.Release|Any CPU.ActiveCfg = Release|Any CPU
		{5907EFC6-8177-4AE2-860F-CA6B861E6ABB}.Release|Any CPU.Build.0 = Release|Any CPU
		{8E987625-16DD-4374-9B14-7C1725526C50}.Debug|Any CPU.ActiveCfg = Debug|Any CPU
		{8E987625-16DD-4374-9B14-7C1725526C50}.Debug|Any CPU.Build.0 = Debug|Any CPU
		{8E987625-16DD-4374-9B14-7C1725526C50}.Release|Any CPU.ActiveCfg = Release|Any CPU
		{8E987625-16DD-4374-9B14-7C1725526C50}.Release|Any CPU.Build.0 = Release|Any CPU
		{095E2182-F2C9-46A7-8FC4-D1EAE5140D3C}.Debug|Any CPU.ActiveCfg = Debug|Any CPU
		{095E2182-F2C9-46A7-8FC4-D1EAE5140D3C}.Debug|Any CPU.Build.0 = Debug|Any CPU
		{095E2182-F2C9-46A7-8FC4-D1EAE5140D3C}.Release|Any CPU.ActiveCfg = Release|Any CPU
		{095E2182-F2C9-46A7-8FC4-D1EAE5140D3C}.Release|Any CPU.Build.0 = Release|Any CPU
		{0C411A08-53EA-4184-AB23-22B6A3A150EE}.Debug|Any CPU.ActiveCfg = Debug|Any CPU
		{0C411A08-53EA-4184-AB23-22B6A3A150EE}.Debug|Any CPU.Build.0 = Debug|Any CPU
		{0C411A08-53EA-4184-AB23-22B6A3A150EE}.Release|Any CPU.ActiveCfg = Release|Any CPU
		{0C411A08-53EA-4184-AB23-22B6A3A150EE}.Release|Any CPU.Build.0 = Release|Any CPU
		{516A024D-DBB4-4FE6-B123-32E1EC1BBAC9}.Debug|Any CPU.ActiveCfg = Debug|Any CPU
		{516A024D-DBB4-4FE6-B123-32E1EC1BBAC9}.Debug|Any CPU.Build.0 = Debug|Any CPU
		{516A024D-DBB4-4FE6-B123-32E1EC1BBAC9}.Release|Any CPU.ActiveCfg = Release|Any CPU
		{516A024D-DBB4-4FE6-B123-32E1EC1BBAC9}.Release|Any CPU.Build.0 = Release|Any CPU
		{C648CA83-D741-41C5-9DD8-E96283792572}.Debug|Any CPU.ActiveCfg = Debug|Any CPU
		{C648CA83-D741-41C5-9DD8-E96283792572}.Debug|Any CPU.Build.0 = Debug|Any CPU
		{C648CA83-D741-41C5-9DD8-E96283792572}.Release|Any CPU.ActiveCfg = Release|Any CPU
		{C648CA83-D741-41C5-9DD8-E96283792572}.Release|Any CPU.Build.0 = Release|Any CPU
		{3D5720F8-79AE-41CE-B30F-60545EEF937D}.Debug|Any CPU.ActiveCfg = Debug|Any CPU
		{3D5720F8-79AE-41CE-B30F-60545EEF937D}.Debug|Any CPU.Build.0 = Debug|Any CPU
		{3D5720F8-79AE-41CE-B30F-60545EEF937D}.Release|Any CPU.ActiveCfg = Release|Any CPU
		{3D5720F8-79AE-41CE-B30F-60545EEF937D}.Release|Any CPU.Build.0 = Release|Any CPU
	EndGlobalSection
	GlobalSection(SolutionProperties) = preSolution
		HideSolutionNode = FALSE
	EndGlobalSection
	GlobalSection(NestedProjects) = preSolution
		{0D0B9A41-1420-4586-BBD5-014B72717ACA} = {E5CA7641-D679-43B1-A418-467E012D8364}
		{DD23B24B-E79A-4216-8424-460D442FF95A} = {7754333B-6FC9-4C20-8900-19C8647B5D19}
		{5907EFC6-8177-4AE2-860F-CA6B861E6ABB} = {1580A9D3-7349-4BFB-AA76-54F2195E0081}
		{8E987625-16DD-4374-9B14-7C1725526C50} = {084B18B4-164C-434F-97FA-8CE8EBDD7643}
		{095E2182-F2C9-46A7-8FC4-D1EAE5140D3C} = {2437FDB9-C49C-40B8-B172-7CC05A4E645E}
		{0C411A08-53EA-4184-AB23-22B6A3A150EE} = {AB514489-DC9A-4074-83EA-CF3CEFBD633A}
		{516A024D-DBB4-4FE6-B123-32E1EC1BBAC9} = {C83BA9F2-926E-4450-8262-18BFE0608CF7}
		{C648CA83-D741-41C5-9DD8-E96283792572} = {C42C0D35-0F8C-4D23-95C7-AF6CA48E34C5}
		{3D5720F8-79AE-41CE-B30F-60545EEF937D} = {BC626DBC-D3E3-4696-9A1D-8E277587EF24}
	EndGlobalSection
	GlobalSection(ExtensibilityGlobals) = postSolution
		SolutionGuid = {5292B80C-E48C-4557-9340-5F964D715694}
	EndGlobalSection
EndGlobal
